
Microsoft Visual Studio Solution File, Format Version 12.00
# Visual Studio 2012
Project("{FAE04EC0-301F-11D3-BF4B-00C04F79EFBC}") = "ExercisesForProgrammers", "ExercisesForProgrammers\ExercisesForProgrammers.csproj", "{C1ACE25A-6829-4563-9636-E08DC4DAD01C}"
EndProject
Global
	GlobalSection(SolutionConfigurationPlatforms) = preSolution
		Debug|x86 = Debug|x86
		Release|x86 = Release|x86
	EndGlobalSection
	GlobalSection(ProjectConfigurationPlatforms) = postSolution
		{C1ACE25A-6829-4563-9636-E08DC4DAD01C}.Debug|x86.ActiveCfg = Debug|x86
		{C1ACE25A-6829-4563-9636-E08DC4DAD01C}.Debug|x86.Build.0 = Debug|x86
		{C1ACE25A-6829-4563-9636-E08DC4DAD01C}.Release|x86.ActiveCfg = Release|x86
		{C1ACE25A-6829-4563-9636-E08DC4DAD01C}.Release|x86.Build.0 = Release|x86
	EndGlobalSection
EndGlobal
